
Microsoft Visual Studio Solution File, Format Version 12.00
# Visual Studio Version 16
VisualStudioVersion = 16.0.29728.190
MinimumVisualStudioVersion = 10.0.40219.1
Project("{FAE04EC0-301F-11D3-BF4B-00C04F79EFBC}") = "Triqui.Android", "Triqui.Android\Triqui.Android.csproj", "{6BB537DD-8224-4A15-8F31-CC83E9D1FC43}"
EndProject
Global
	GlobalSection(SolutionConfigurationPlatforms) = preSolution
		Debug|Any CPU = Debug|Any CPU
		Release|Any CPU = Release|Any CPU
	EndGlobalSection
	GlobalSection(ProjectConfigurationPlatforms) = postSolution
		{6BB537DD-8224-4A15-8F31-CC83E9D1FC43}.Debug|Any CPU.ActiveCfg = Debug|Any CPU
		{6BB537DD-8224-4A15-8F31-CC83E9D1FC43}.Debug|Any CPU.Build.0 = Debug|Any CPU
		{6BB537DD-8224-4A15-8F31-CC83E9D1FC43}.Debug|Any CPU.Deploy.0 = Debug|Any CPU
		{6BB537DD-8224-4A15-8F31-CC83E9D1FC43}.Release|Any CPU.ActiveCfg = Release|Any CPU
		{6BB537DD-8224-4A15-8F31-CC83E9D1FC43}.Release|Any CPU.Build.0 = Release|Any CPU
		{6BB537DD-8224-4A15-8F31-CC83E9D1FC43}.Release|Any CPU.Deploy.0 = Release|Any CPU
	EndGlobalSection
	GlobalSection(SolutionProperties) = preSolution
		HideSolutionNode = FALSE
	EndGlobalSection
	GlobalSection(ExtensibilityGlobals) = postSolution
		SolutionGuid = {F940CAC5-BBFC-4E3B-9C56-52401AE97735}
	EndGlobalSection
EndGlobal
